
Microsoft Visual Studio Solution File, Format Version 12.00
# Visual Studio Version 17
VisualStudioVersion = 17.11.35431.28
MinimumVisualStudioVersion = 10.0.40219.1
Project("{8BC9CEB8-8B4A-11D0-8D11-00A0C91BC942}") = "Laboratory 10-4B", "Laboratory 10-4B.vcxproj", "{7943F268-408B-4126-A6B8-C0FB0CEFA397}"
EndProject
Global
	GlobalSection(SolutionConfigurationPlatforms) = preSolution
		Debug|x64 = Debug|x64
		Debug|x86 = Debug|x86
		Release|x64 = Release|x64
		Release|x86 = Release|x86
	EndGlobalSection
	GlobalSection(ProjectConfigurationPlatforms) = postSolution
		{7943F268-408B-4126-A6B8-C0FB0CEFA397}.Debug|x64.ActiveCfg = Debug|x64
		{7943F268-408B-4126-A6B8-C0FB0CEFA397}.Debug|x64.Build.0 = Debug|x64
		{7943F268-408B-4126-A6B8-C0FB0CEFA397}.Debug|x86.ActiveCfg = Debug|Win32
		{7943F268-408B-4126-A6B8-C0FB0CEFA397}.Debug|x86.Build.0 = Debug|Win32
		{7943F268-408B-4126-A6B8-C0FB0CEFA397}.Release|x64.ActiveCfg = Release|x64
		{7943F268-408B-4126-A6B8-C0FB0CEFA397}.Release|x64.Build.0 = Release|x64
		{7943F268-408B-4126-A6B8-C0FB0CEFA397}.Release|x86.ActiveCfg = Release|Win32
		{7943F268-408B-4126-A6B8-C0FB0CEFA397}.Release|x86.Build.0 = Release|Win32
	EndGlobalSection
	GlobalSection(SolutionProperties) = preSolution
		HideSolutionNode = FALSE
	EndGlobalSection
	GlobalSection(ExtensibilityGlobals) = postSolution
		SolutionGuid = {6C1A382A-BFDB-449E-8958-40B09B396B56}
	EndGlobalSection
EndGlobal
